
Microsoft Visual Studio Solution File, Format Version 12.00
# Visual Studio Version 16
VisualStudioVersion = 16.0.31205.134
MinimumVisualStudioVersion = 10.0.40219.1
Project("{9A19103F-16F7-4668-BE54-9A1E7A4F7556}") = "Wpf FFT", "Wpf FFT\Wpf FFT.csproj", "{73AAEBB2-AB12-4BFF-BBA5-9AE69662EF1C}"
EndProject
Project("{9A19103F-16F7-4668-BE54-9A1E7A4F7556}") = "LiveChartsCore.SkiaSharpView.WPF", "skiasharp\LiveChartsCore.SkiaSharp.WPF\LiveChartsCore.SkiaSharpView.WPF.csproj", "{6988784C-C59D-48BE-9200-C4A46F8F3401}"
EndProject
Project("{9A19103F-16F7-4668-BE54-9A1E7A4F7556}") = "LiveChartsCore.SkiaSharpView", "skiasharp\LiveChartsCore.SkiaSharp\LiveChartsCore.SkiaSharpView.csproj", "{FD679B3C-2F58-48F3-A708-3D84DA09740C}"
EndProject
Project("{9A19103F-16F7-4668-BE54-9A1E7A4F7556}") = "LiveChartsCore", "skiasharp\LiveChartsCore\LiveChartsCore.csproj", "{FC04266E-B576-4417-A26C-89D9FF4F424A}"
EndProject
Project("{9A19103F-16F7-4668-BE54-9A1E7A4F7556}") = "Parser", "Parser\Parser.csproj", "{E1CF3EC8-F732-46B4-A3E4-B7854CC719C0}"
EndProject
Project("{2150E333-8FDC-42A3-9474-1A3956D46DE8}") = "Library", "Library", "{47A6502D-955E-4FAB-9F11-F34E4C6DBDD1}"
EndProject
Global
	GlobalSection(SolutionConfigurationPlatforms) = preSolution
		Debug|Any CPU = Debug|Any CPU
		Debug|x86 = Debug|x86
		Release|Any CPU = Release|Any CPU
		Release|x86 = Release|x86
	EndGlobalSection
	GlobalSection(ProjectConfigurationPlatforms) = postSolution
		{73AAEBB2-AB12-4BFF-BBA5-9AE69662EF1C}.Debug|Any CPU.ActiveCfg = Debug|Any CPU
		{73AAEBB2-AB12-4BFF-BBA5-9AE69662EF1C}.Debug|Any CPU.Build.0 = Debug|Any CPU
		{73AAEBB2-AB12-4BFF-BBA5-9AE69662EF1C}.Debug|x86.ActiveCfg = Debug|Any CPU
		{73AAEBB2-AB12-4BFF-BBA5-9AE69662EF1C}.Debug|x86.Build.0 = Debug|Any CPU
		{73AAEBB2-AB12-4BFF-BBA5-9AE69662EF1C}.Release|Any CPU.ActiveCfg = Release|Any CPU
		{73AAEBB2-AB12-4BFF-BBA5-9AE69662EF1C}.Release|Any CPU.Build.0 = Release|Any CPU
		{73AAEBB2-AB12-4BFF-BBA5-9AE69662EF1C}.Release|x86.ActiveCfg = Release|Any CPU
		{73AAEBB2-AB12-4BFF-BBA5-9AE69662EF1C}.Release|x86.Build.0 = Release|Any CPU
		{6988784C-C59D-48BE-9200-C4A46F8F3401}.Debug|Any CPU.ActiveCfg = Debug|Any CPU
		{6988784C-C59D-48BE-9200-C4A46F8F3401}.Debug|Any CPU.Build.0 = Debug|Any CPU
		{6988784C-C59D-48BE-9200-C4A46F8F3401}.Debug|x86.ActiveCfg = Debug|Any CPU
		{6988784C-C59D-48BE-9200-C4A46F8F3401}.Debug|x86.Build.0 = Debug|Any CPU
		{6988784C-C59D-48BE-9200-C4A46F8F3401}.Release|Any CPU.ActiveCfg = Release|Any CPU
		{6988784C-C59D-48BE-9200-C4A46F8F3401}.Release|Any CPU.Build.0 = Release|Any CPU
		{6988784C-C59D-48BE-9200-C4A46F8F3401}.Release|x86.ActiveCfg = Release|Any CPU
		{6988784C-C59D-48BE-9200-C4A46F8F3401}.Release|x86.Build.0 = Release|Any CPU
		{FD679B3C-2F58-48F3-A708-3D84DA09740C}.Debug|Any CPU.ActiveCfg = Debug|Any CPU
		{FD679B3C-2F58-48F3-A708-3D84DA09740C}.Debug|Any CPU.Build.0 = Debug|Any CPU
		{FD679B3C-2F58-48F3-A708-3D84DA09740C}.Debug|x86.ActiveCfg = Debug|Any CPU
		{FD679B3C-2F58-48F3-A708-3D84DA09740C}.Debug|x86.Build.0 = Debug|Any CPU
		{FD679B3C-2F58-48F3-A708-3D84DA09740C}.Release|Any CPU.ActiveCfg = Release|Any CPU
		{FD679B3C-2F58-48F3-A708-3D84DA09740C}.Release|Any CPU.Build.0 = Release|Any CPU
		{FD679B3C-2F58-48F3-A708-3D84DA09740C}.Release|x86.ActiveCfg = Release|Any CPU
		{FD679B3C-2F58-48F3-A708-3D84DA09740C}.Release|x86.Build.0 = Release|Any CPU
		{FC04266E-B576-4417-A26C-89D9FF4F424A}.Debug|Any CPU.ActiveCfg = Debug|Any CPU
		{FC04266E-B576-4417-A26C-89D9FF4F424A}.Debug|Any CPU.Build.0 = Debug|Any CPU
		{FC04266E-B576-4417-A26C-89D9FF4F424A}.Debug|x86.ActiveCfg = Debug|Any CPU
		{FC04266E-B576-4417-A26C-89D9FF4F424A}.Debug|x86.Build.0 = Debug|Any CPU
		{FC04266E-B576-4417-A26C-89D9FF4F424A}.Release|Any CPU.ActiveCfg = Release|Any CPU
		{FC04266E-B576-4417-A26C-89D9FF4F424A}.Release|Any CPU.Build.0 = Release|Any CPU
		{FC04266E-B576-4417-A26C-89D9FF4F424A}.Release|x86.ActiveCfg = Release|Any CPU
		{FC04266E-B576-4417-A26C-89D9FF4F424A}.Release|x86.Build.0 = Release|Any CPU
		{E1CF3EC8-F732-46B4-A3E4-B7854CC719C0}.Debug|Any CPU.ActiveCfg = Debug|Any CPU
		{E1CF3EC8-F732-46B4-A3E4-B7854CC719C0}.Debug|Any CPU.Build.0 = Debug|Any CPU
		{E1CF3EC8-F732-46B4-A3E4-B7854CC719C0}.Debug|x86.ActiveCfg = Debug|Any CPU
		{E1CF3EC8-F732-46B4-A3E4-B7854CC719C0}.Debug|x86.Build.0 = Debug|Any CPU
		{E1CF3EC8-F732-46B4-A3E4-B7854CC719C0}.Release|Any CPU.ActiveCfg = Release|Any CPU
		{E1CF3EC8-F732-46B4-A3E4-B7854CC719C0}.Release|Any CPU.Build.0 = Release|Any CPU
		{E1CF3EC8-F732-46B4-A3E4-B7854CC719C0}.Release|x86.ActiveCfg = Release|Any CPU
		{E1CF3EC8-F732-46B4-A3E4-B7854CC719C0}.Release|x86.Build.0 = Release|Any CPU
	EndGlobalSection
	GlobalSection(SolutionProperties) = preSolution
		HideSolutionNode = FALSE
	EndGlobalSection
	GlobalSection(NestedProjects) = preSolution
		{6988784C-C59D-48BE-9200-C4A46F8F3401} = {47A6502D-955E-4FAB-9F11-F34E4C6DBDD1}
		{FD679B3C-2F58-48F3-A708-3D84DA09740C} = {47A6502D-955E-4FAB-9F11-F34E4C6DBDD1}
		{FC04266E-B576-4417-A26C-89D9FF4F424A} = {47A6502D-955E-4FAB-9F11-F34E4C6DBDD1}
		{E1CF3EC8-F732-46B4-A3E4-B7854CC719C0} = {47A6502D-955E-4FAB-9F11-F34E4C6DBDD1}
	EndGlobalSection
	GlobalSection(ExtensibilityGlobals) = postSolution
		SolutionGuid = {E9BCB281-0889-47EA-A937-5D61F3AF1DFF}
	EndGlobalSection
EndGlobal
